[[package]]
name = "boto3"
version = "1.17.84"
description = "The AWS SDK for Python"
category = "main"
optional = false
python-versions = ">= 2.7, !=3.0.*, !=3.1.*, !=3.2.*, !=3.3.*, !=3.4.*, !=3.5.*"

[package.dependencies]
botocore = ">=1.20.84,<1.21.0"
jmespath = ">=0.7.1,<1.0.0"
s3transfer = ">=0.4.0,<0.5.0"

[[package]]
name = "botocore"
version = "1.20.84"
description = "Low-level, data-driven core of boto 3."
category = "main"
optional = false
python-versions = ">= 2.7, !=3.0.*, !=3.1.*, !=3.2.*, !=3.3.*, !=3.4.*, !=3.5.*"

[package.dependencies]
jmespath = ">=0.7.1,<1.0.0"
python-dateutil = ">=2.1,<3.0.0"
urllib3 = ">=1.25.4,<1.27"

[package.extras]
crt = ["awscrt (==0.11.15)"]

[[package]]
name = "jmespath"
version = "0.10.0"
description = "JSON Matching Expressions"
category = "main"
optional = false
python-versions = ">=2.6, !=3.0.*, !=3.1.*, !=3.2.*"

[[package]]
name = "python-dateutil"
version = "2.8.1"
description = "Extensions to the standard Python datetime module"
category = "main"
optional = false
python-versions = "!=3.0.*,!=3.1.*,!=3.2.*,>=2.7"

[package.dependencies]
six = ">=1.5"

[[package]]
name = "ruamel.yaml"
version = "0.17.7"
description = "ruamel.yaml is a YAML parser/emitter that supports roundtrip preservation of comments, seq/map flow style, and map key order"
category = "main"
optional = false
python-versions = ">=3"

[package.dependencies]
"ruamel.yaml.clib" = {version = ">=0.1.2", markers = "platform_python_implementation == \"CPython\" and python_version < \"3.10\""}

[package.extras]
docs = ["ryd"]
jinja2 = ["ruamel.yaml.jinja2 (>=0.2)"]

[[package]]
name = "ruamel.yaml.clib"
version = "0.2.2"
description = "C version of reader, parser and emitter for ruamel.yaml derived from libyaml"
category = "main"
optional = false
python-versions = "*"

[[package]]
name = "s3transfer"
version = "0.4.2"
description = "An Amazon S3 Transfer Manager"
category = "main"
optional = false
python-versions = "*"

[package.dependencies]
botocore = ">=1.12.36,<2.0a.0"

[package.extras]
crt = ["botocore[crt] (>=1.20.29,<2.0a.0)"]

[[package]]
name = "six"
version = "1.16.0"
description = "Python 2 and 3 compatibility utilities"
category = "main"
optional = false
python-versions = ">=2.7, !=3.0.*, !=3.1.*, !=3.2.*"

[[package]]
name = "urllib3"
version = "1.26.5"
description = "HTTP library with thread-safe connection pooling, file post, and more."
category = "main"
optional = false
python-versions = ">=2.7, !=3.0.*, !=3.1.*, !=3.2.*, !=3.3.*, !=3.4.*, <4"

[package.extras]
brotli = ["brotlipy (>=0.6.0)"]
secure = ["pyOpenSSL (>=0.14)", "cryptography (>=1.3.4)", "idna (>=2.0.0)", "certifi", "ipaddress"]
socks = ["PySocks (>=1.5.6,!=1.5.7,<2.0)"]

[metadata]
lock-version = "1.1"
python-versions = "^3.9"
content-hash = "966a6a2ede7b989d86fe5876f852502835ad2349ca541374236f2afe30bb4e56"

[metadata.files]
boto3 = [
    {file = "boto3-1.17.84-py2.py3-none-any.whl", hash = "sha256:1d24c6d1f5db4b52bb29f1dfe13fd3e9d95d9fa4634b0638a096f5a884173cde"},
    {file = "boto3-1.17.84.tar.gz", hash = "sha256:8ee8766813864796be6c87ad762c6da4bfef603977931854a38f49fe4db06495"},
]
botocore = [
    {file = "botocore-1.20.84-py2.py3-none-any.whl", hash = "sha256:75e1397b80aa8757a26636b949eebd20b3cf67e8f1ed80dc01170907e06ea45d"},
    {file = "botocore-1.20.84.tar.gz", hash = "sha256:bc59eb748fcb07835613ebea6dcc2600ae1a8be0fae30e40b9c1e81b73262296"},
]
jmespath = [
    {file = "jmespath-0.10.0-py2.py3-none-any.whl", hash = "sha256:cdf6525904cc597730141d61b36f2e4b8ecc257c420fa2f4549bac2c2d0cb72f"},
    {file = "jmespath-0.10.0.tar.gz", hash = "sha256:b85d0567b8666149a93172712e68920734333c0ce7e89b78b3e987f71e5ed4f9"},
]
python-dateutil = [
    {file = "python-dateutil-2.8.1.tar.gz", hash = "sha256:73ebfe9dbf22e832286dafa60473e4cd239f8592f699aa5adaf10050e6e1823c"},
    {file = "python_dateutil-2.8.1-py2.py3-none-any.whl", hash = "sha256:75bb3f31ea686f1197762692a9ee6a7550b59fc6ca3a1f4b5d7e32fb98e2da2a"},
]
"ruamel.yaml" = [
    {file = "ruamel.yaml-0.17.7-py3-none-any.whl", hash = "sha256:25c3eaf4f0c52bd15c50c39b100a32168891240f4d2177a4690d5d9b85944bbe"},
    {file = "ruamel.yaml-0.17.7.tar.gz", hash = "sha256:5c3fa739bbedd2f23769656784e671c6335d17a5bf163c3c3901d8663c0af287"},
]
"ruamel.yaml.clib" = [
    {file = "ruamel.yaml.clib-0.2.2-cp27-cp27m-macosx_10_9_x86_64.whl", hash = "sha256:28116f204103cb3a108dfd37668f20abe6e3cafd0d3fd40dba126c732457b3cc"},
    {file = "ruamel.yaml.clib-0.2.2-cp27-cp27m-manylinux1_x86_64.whl", hash = "sha256:daf21aa33ee9b351f66deed30a3d450ab55c14242cfdfcd377798e2c0d25c9f1"},
    {file = "ruamel.yaml.clib-0.2.2-cp27-cp27m-win32.whl", hash = "sha256:30dca9bbcbb1cc858717438218d11eafb78666759e5094dd767468c0d577a7e7"},
    {file = "ruamel.yaml.clib-0.2.2-cp27-cp27m-win_amd64.whl", hash = "sha256:f6061a31880c1ed6b6ce341215336e2f3d0c1deccd84957b6fa8ca474b41e89f"},
    {file = "ruamel.yaml.clib-0.2.2-cp27-cp27mu-manylinux1_x86_64.whl", hash = "sha256:73b3d43e04cc4b228fa6fa5d796409ece6fcb53a6c270eb2048109cbcbc3b9c2"},
    {file = "ruamel.yaml.clib-0.2.2-cp35-cp35m-macosx_10_6_intel.whl", hash = "sha256:53b9dd1abd70e257a6e32f934ebc482dac5edb8c93e23deb663eac724c30b026"},
    {file = "ruamel.yaml.clib-0.2.2-cp35-cp35m-manylinux1_x86_64.whl", hash = "sha256:839dd72545ef7ba78fd2aa1a5dd07b33696adf3e68fae7f31327161c1093001b"},
    {file = "ruamel.yaml.clib-0.2.2-cp35-cp35m-manylinux2014_aarch64.whl", hash = "sha256:1236df55e0f73cd138c0eca074ee086136c3f16a97c2ac719032c050f7e0622f"},
    {file = "ruamel.yaml.clib-0.2.2-cp35-cp35m-win32.whl", hash = "sha256:b1e981fe1aff1fd11627f531524826a4dcc1f26c726235a52fcb62ded27d150f"},
    {file = "ruamel.yaml.clib-0.2.2-cp35-cp35m-win_amd64.whl", hash = "sha256:4e52c96ca66de04be42ea2278012a2342d89f5e82b4512fb6fb7134e377e2e62"},
    {file = "ruamel.yaml.clib-0.2.2-cp36-cp36m-macosx_10_9_x86_64.whl", hash = "sha256:a873e4d4954f865dcb60bdc4914af7eaae48fb56b60ed6daa1d6251c72f5337c"},
    {file = "ruamel.yaml.clib-0.2.2-cp36-cp36m-manylinux1_x86_64.whl", hash = "sha256:ab845f1f51f7eb750a78937be9f79baea4a42c7960f5a94dde34e69f3cce1988"},
    {file = "ruamel.yaml.clib-0.2.2-cp36-cp36m-manylinux2014_aarch64.whl", hash = "sha256:2fd336a5c6415c82e2deb40d08c222087febe0aebe520f4d21910629018ab0f3"},
    {file = "ruamel.yaml.clib-0.2.2-cp36-cp36m-win32.whl", hash = "sha256:e9f7d1d8c26a6a12c23421061f9022bb62704e38211fe375c645485f38df34a2"},
    {file = "ruamel.yaml.clib-0.2.2-cp36-cp36m-win_amd64.whl", hash = "sha256:2602e91bd5c1b874d6f93d3086f9830f3e907c543c7672cf293a97c3fabdcd91"},
    {file = "ruamel.yaml.clib-0.2.2-cp37-cp37m-macosx_10_9_x86_64.whl", hash = "sha256:44c7b0498c39f27795224438f1a6be6c5352f82cb887bc33d962c3a3acc00df6"},
    {file = "ruamel.yaml.clib-0.2.2-cp37-cp37m-manylinux1_x86_64.whl", hash = "sha256:8e8fd0a22c9d92af3a34f91e8a2594eeb35cba90ab643c5e0e643567dc8be43e"},
    {file = "ruamel.yaml.clib-0.2.2-cp37-cp37m-manylinux2014_aarch64.whl", hash = "sha256:75f0ee6839532e52a3a53f80ce64925ed4aed697dd3fa890c4c918f3304bd4f4"},
    {file = "ruamel.yaml.clib-0.2.2-cp37-cp37m-win32.whl", hash = "sha256:464e66a04e740d754170be5e740657a3b3b6d2bcc567f0c3437879a6e6087ff6"},
    {file = "ruamel.yaml.clib-0.2.2-cp37-cp37m-win_amd64.whl", hash = "sha256:52ae5739e4b5d6317b52f5b040b1b6639e8af68a5b8fd606a8b08658fbd0cab5"},
    {file = "ruamel.yaml.clib-0.2.2-cp38-cp38-macosx_10_9_x86_64.whl", hash = "sha256:4df5019e7783d14b79217ad9c56edf1ba7485d614ad5a385d1b3c768635c81c0"},
    {file = "ruamel.yaml.clib-0.2.2-cp38-cp38-manylinux1_x86_64.whl", hash = "sha256:5254af7d8bdf4d5484c089f929cb7f5bafa59b4f01d4f48adda4be41e6d29f99"},
    {file = "ruamel.yaml.clib-0.2.2-cp38-cp38-manylinux2014_aarch64.whl", hash = "sha256:8be05be57dc5c7b4a0b24edcaa2f7275866d9c907725226cdde46da09367d923"},
    {file = "ruamel.yaml.clib-0.2.2-cp38-cp38-win32.whl", hash = "sha256:74161d827407f4db9072011adcfb825b5258a5ccb3d2cd518dd6c9edea9e30f1"},
    {file = "ruamel.yaml.clib-0.2.2-cp38-cp38-win_amd64.whl", hash = "sha256:058a1cc3df2a8aecc12f983a48bda99315cebf55a3b3a5463e37bb599b05727b"},
    {file = "ruamel.yaml.clib-0.2.2-cp39-cp39-macosx_10_9_x86_64.whl", hash = "sha256:c6ac7e45367b1317e56f1461719c853fd6825226f45b835df7436bb04031fd8a"},
    {file = "ruamel.yaml.clib-0.2.2-cp39-cp39-manylinux1_x86_64.whl", hash = "sha256:b4b0d31f2052b3f9f9b5327024dc629a253a83d8649d4734ca7f35b60ec3e9e5"},
    {file = "ruamel.yaml.clib-0.2.2-cp39-cp39-manylinux2014_aarch64.whl", hash = "sha256:1f8c0a4577c0e6c99d208de5c4d3fd8aceed9574bb154d7a2b21c16bb924154c"},
    {file = "ruamel.yaml.clib-0.2.2-cp39-cp39-win32.whl", hash = "sha256:46d6d20815064e8bb023ea8628cfb7402c0f0e83de2c2227a88097e239a7dffd"},
    {file = "ruamel.yaml.clib-0.2.2-cp39-cp39-win_amd64.whl", hash = "sha256:6c0a5dc52fc74eb87c67374a4e554d4761fd42a4d01390b7e868b30d21f4b8bb"},
    {file = "ruamel.yaml.clib-0.2.2.tar.gz", hash = "sha256:2d24bd98af676f4990c4d715bcdc2a60b19c56a3fb3a763164d2d8ca0e806ba7"},
]
s3transfer = [
    {file = "s3transfer-0.4.2-py2.py3-none-any.whl", hash = "sha256:9b3752887a2880690ce628bc263d6d13a3864083aeacff4890c1c9839a5eb0bc"},
    {file = "s3transfer-0.4.2.tar.gz", hash = "sha256:cb022f4b16551edebbb31a377d3f09600dbada7363d8c5db7976e7f47732e1b2"},
]
six = [
    {file = "six-1.16.0-py2.py3-none-any.whl", hash = "sha256:8abb2f1d86890a2dfb989f9a77cfcfd3e47c2a354b01111771326f8aa26e0254"},
    {file = "six-1.16.0.tar.gz", hash = "sha256:1e61c37477a1626458e36f7b1d82aa5c9b094fa4802892072e49de9c60c4c926"},
]
urllib3 = [
    {file = "urllib3-1.26.5-py2.py3-none-any.whl", hash = "sha256:753a0374df26658f99d826cfe40394a686d05985786d946fbe4165b5148f5a7c"},
    {file = "urllib3-1.26.5.tar.gz", hash = "sha256:a7acd0977125325f516bda9735fa7142b909a8d01e8b2e4c8108d0984e6e0098"},
]
