[[package]]
name = "boto3"
version = "1.20.8"
description = "The AWS SDK for Python"
category = "main"
optional = false
python-versions = ">= 3.6"

[package.dependencies]
botocore = ">=1.23.8,<1.24.0"
jmespath = ">=0.7.1,<1.0.0"
s3transfer = ">=0.5.0,<0.6.0"

[package.extras]
crt = ["botocore[crt] (>=1.21.0,<2.0a0)"]

[[package]]
name = "botocore"
version = "1.23.8"
description = "Low-level, data-driven core of boto 3."
category = "main"
optional = false
python-versions = ">= 3.6"

[package.dependencies]
jmespath = ">=0.7.1,<1.0.0"
python-dateutil = ">=2.1,<3.0.0"
urllib3 = ">=1.25.4,<1.27"

[package.extras]
crt = ["awscrt (==0.12.5)"]

[[package]]
name = "jmespath"
version = "0.10.0"
description = "JSON Matching Expressions"
category = "main"
optional = false
python-versions = ">=2.6, !=3.0.*, !=3.1.*, !=3.2.*"

[[package]]
name = "python-dateutil"
version = "2.8.2"
description = "Extensions to the standard Python datetime module"
category = "main"
optional = false
python-versions = "!=3.0.*,!=3.1.*,!=3.2.*,>=2.7"

[package.dependencies]
six = ">=1.5"

[[package]]
name = "ruamel.yaml"
version = "0.17.17"
description = "ruamel.yaml is a YAML parser/emitter that supports roundtrip preservation of comments, seq/map flow style, and map key order"
category = "main"
optional = false
python-versions = ">=3"

[package.dependencies]
"ruamel.yaml.clib" = {version = ">=0.1.2", markers = "platform_python_implementation == \"CPython\" and python_version < \"3.10\""}

[package.extras]
docs = ["ryd"]
jinja2 = ["ruamel.yaml.jinja2 (>=0.2)"]

[[package]]
name = "ruamel.yaml.clib"
version = "0.2.6"
description = "C version of reader, parser and emitter for ruamel.yaml derived from libyaml"
category = "main"
optional = false
python-versions = ">=3.5"

[[package]]
name = "s3transfer"
version = "0.5.0"
description = "An Amazon S3 Transfer Manager"
category = "main"
optional = false
python-versions = ">= 3.6"

[package.dependencies]
botocore = ">=1.12.36,<2.0a.0"

[package.extras]
crt = ["botocore[crt] (>=1.20.29,<2.0a.0)"]

[[package]]
name = "six"
version = "1.16.0"
description = "Python 2 and 3 compatibility utilities"
category = "main"
optional = false
python-versions = ">=2.7, !=3.0.*, !=3.1.*, !=3.2.*"

[[package]]
name = "urllib3"
version = "1.26.7"
description = "HTTP library with thread-safe connection pooling, file post, and more."
category = "main"
optional = false
python-versions = ">=2.7, !=3.0.*, !=3.1.*, !=3.2.*, !=3.3.*, !=3.4.*, <4"

[package.extras]
brotli = ["brotlipy (>=0.6.0)"]
secure = ["pyOpenSSL (>=0.14)", "cryptography (>=1.3.4)", "idna (>=2.0.0)", "certifi", "ipaddress"]
socks = ["PySocks (>=1.5.6,!=1.5.7,<2.0)"]

[metadata]
lock-version = "1.1"
python-versions = "^3.8"
content-hash = "4be6e578d4414e32721bb4f1358c2fdee05a5a5f0a74ae84cf41a9a5f1c7352c"

[metadata.files]
boto3 = [
    {file = "boto3-1.20.8-py3-none-any.whl", hash = "sha256:c0ac23cc36dc484edd1edd28903b5712cb07507af1ae19b2e8d6db176416d9e2"},
    {file = "boto3-1.20.8.tar.gz", hash = "sha256:81ebdcabc534a52e2b7a2bfcbe1a1d7f1e34f028f7fe1cb16ccd80e34cea867a"},
]
botocore = [
    {file = "botocore-1.23.8-py3-none-any.whl", hash = "sha256:a0c7cfea155a0202ab197a016736dd4e6a26f9e416bdd9cdd2c9a3fb88ffa5a8"},
    {file = "botocore-1.23.8.tar.gz", hash = "sha256:ae4ed9666199020a9e53c3d3efc0a7d417315cd2313b70cb013282afe70ac358"},
]
jmespath = [
    {file = "jmespath-0.10.0-py2.py3-none-any.whl", hash = "sha256:cdf6525904cc597730141d61b36f2e4b8ecc257c420fa2f4549bac2c2d0cb72f"},
    {file = "jmespath-0.10.0.tar.gz", hash = "sha256:b85d0567b8666149a93172712e68920734333c0ce7e89b78b3e987f71e5ed4f9"},
]
python-dateutil = [
    {file = "python-dateutil-2.8.2.tar.gz", hash = "sha256:0123cacc1627ae19ddf3c27a5de5bd67ee4586fbdd6440d9748f8abb483d3e86"},
    {file = "python_dateutil-2.8.2-py2.py3-none-any.whl", hash = "sha256:961d03dc3453ebbc59dbdea9e4e11c5651520a876d0f4db161e8674aae935da9"},
]
"ruamel.yaml" = [
    {file = "ruamel.yaml-0.17.17-py3-none-any.whl", hash = "sha256:9af3ec5d7f8065582f3aa841305465025d0afd26c5fb54e15b964e11838fc74f"},
    {file = "ruamel.yaml-0.17.17.tar.gz", hash = "sha256:9751de4cbb57d4bfbf8fc394e125ed4a2f170fbff3dc3d78abf50be85924f8be"},
]
"ruamel.yaml.clib" = [
    {file = "ruamel.yaml.clib-0.2.6-cp35-cp35m-macosx_10_6_intel.whl", hash = "sha256:cfdb9389d888c5b74af297e51ce357b800dd844898af9d4a547ffc143fa56751"},
    {file = "ruamel.yaml.clib-0.2.6-cp35-cp35m-manylinux1_x86_64.whl", hash = "sha256:7b2927e92feb51d830f531de4ccb11b320255ee95e791022555971c466af4527"},
    {file = "ruamel.yaml.clib-0.2.6-cp35-cp35m-win32.whl", hash = "sha256:ada3f400d9923a190ea8b59c8f60680c4ef8a4b0dfae134d2f2ff68429adfab5"},
    {file = "ruamel.yaml.clib-0.2.6-cp35-cp35m-win_amd64.whl", hash = "sha256:de9c6b8a1ba52919ae919f3ae96abb72b994dd0350226e28f3686cb4f142165c"},
    {file = "ruamel.yaml.clib-0.2.6-cp36-cp36m-macosx_10_9_x86_64.whl", hash = "sha256:d67f273097c368265a7b81e152e07fb90ed395df6e552b9fa858c6d2c9f42502"},
    {file = "ruamel.yaml.clib-0.2.6-cp36-cp36m-manylinux1_x86_64.whl", hash = "sha256:72a2b8b2ff0a627496aad76f37a652bcef400fd861721744201ef1b45199ab78"},
    {file = "ruamel.yaml.clib-0.2.6-cp36-cp36m-win32.whl", hash = "sha256:9efef4aab5353387b07f6b22ace0867032b900d8e91674b5d8ea9150db5cae94"},
    {file = "ruamel.yaml.clib-0.2.6-cp36-cp36m-win_amd64.whl", hash = "sha256:846fc8336443106fe23f9b6d6b8c14a53d38cef9a375149d61f99d78782ea468"},
    {file = "ruamel.yaml.clib-0.2.6-cp37-cp37m-macosx_10_9_x86_64.whl", hash = "sha256:0847201b767447fc33b9c235780d3aa90357d20dd6108b92be544427bea197dd"},
    {file = "ruamel.yaml.clib-0.2.6-cp37-cp37m-manylinux1_x86_64.whl", hash = "sha256:78988ed190206672da0f5d50c61afef8f67daa718d614377dcd5e3ed85ab4a99"},
    {file = "ruamel.yaml.clib-0.2.6-cp37-cp37m-win32.whl", hash = "sha256:a49e0161897901d1ac9c4a79984b8410f450565bbad64dbfcbf76152743a0cdb"},
    {file = "ruamel.yaml.clib-0.2.6-cp37-cp37m-win_amd64.whl", hash = "sha256:bf75d28fa071645c529b5474a550a44686821decebdd00e21127ef1fd566eabe"},
    {file = "ruamel.yaml.clib-0.2.6-cp38-cp38-macosx_10_9_x86_64.whl", hash = "sha256:a32f8d81ea0c6173ab1b3da956869114cae53ba1e9f72374032e33ba3118c233"},
    {file = "ruamel.yaml.clib-0.2.6-cp38-cp38-manylinux1_x86_64.whl", hash = "sha256:7f7ecb53ae6848f959db6ae93bdff1740e651809780822270eab111500842a84"},
    {file = "ruamel.yaml.clib-0.2.6-cp38-cp38-win32.whl", hash = "sha256:89221ec6d6026f8ae859c09b9718799fea22c0e8da8b766b0b2c9a9ba2db326b"},
    {file = "ruamel.yaml.clib-0.2.6-cp38-cp38-win_amd64.whl", hash = "sha256:31ea73e564a7b5fbbe8188ab8b334393e06d997914a4e184975348f204790277"},
    {file = "ruamel.yaml.clib-0.2.6-cp39-cp39-macosx_10_9_x86_64.whl", hash = "sha256:dc6a613d6c74eef5a14a214d433d06291526145431c3b964f5e16529b1842bed"},
    {file = "ruamel.yaml.clib-0.2.6-cp39-cp39-manylinux1_x86_64.whl", hash = "sha256:1866cf2c284a03b9524a5cc00daca56d80057c5ce3cdc86a52020f4c720856f0"},
    {file = "ruamel.yaml.clib-0.2.6-cp39-cp39-win32.whl", hash = "sha256:3fb9575a5acd13031c57a62cc7823e5d2ff8bc3835ba4d94b921b4e6ee664104"},
    {file = "ruamel.yaml.clib-0.2.6-cp39-cp39-win_amd64.whl", hash = "sha256:825d5fccef6da42f3c8eccd4281af399f21c02b32d98e113dbc631ea6a6ecbc7"},
    {file = "ruamel.yaml.clib-0.2.6.tar.gz", hash = "sha256:4ff604ce439abb20794f05613c374759ce10e3595d1867764dd1ae675b85acbd"},
]
s3transfer = [
    {file = "s3transfer-0.5.0-py3-none-any.whl", hash = "sha256:9c1dc369814391a6bda20ebbf4b70a0f34630592c9aa520856bf384916af2803"},
    {file = "s3transfer-0.5.0.tar.gz", hash = "sha256:50ed823e1dc5868ad40c8dc92072f757aa0e653a192845c94a3b676f4a62da4c"},
]
six = [
    {file = "six-1.16.0-py2.py3-none-any.whl", hash = "sha256:8abb2f1d86890a2dfb989f9a77cfcfd3e47c2a354b01111771326f8aa26e0254"},
    {file = "six-1.16.0.tar.gz", hash = "sha256:1e61c37477a1626458e36f7b1d82aa5c9b094fa4802892072e49de9c60c4c926"},
]
urllib3 = [
    {file = "urllib3-1.26.7-py2.py3-none-any.whl", hash = "sha256:c4fdf4019605b6e5423637e01bc9fe4daef873709a7973e195ceba0a62bbc844"},
    {file = "urllib3-1.26.7.tar.gz", hash = "sha256:4987c65554f7a2dbf30c18fd48778ef124af6fab771a377103da0585e2336ece"},
]
